schema: '2.0'
stages:
  mystage:
    cmd: python train.py
    deps:
    - path: data
      hash: md5
      md5: c5a2bbc6820f83da3788d7dceb32c42d.dir
      size: 53504810
      nfiles: 4
    - path: train.py
      hash: md5
      md5: f6a45c6c760b01e4046c80a162979ec0
      size: 893
    outs:
    - path: loss.csv
      hash: md5
      md5: 8f1bfeb7cd89d81ed6c16639d313d433
      size: 589
    - path: metrics.json
      hash: md5
      md5: f20ce405a3ea198f18652fb5847461bb
      size: 83
